
Microsoft Visual Studio Solution File, Format Version 12.00
# Visual Studio 2012
Project("{FAE04EC0-301F-11D3-BF4B-00C04F79EFBC}") = "Github", "Github\Github.csproj", "{27705893-1D05-4BAD-B392-A9E907E69AA8}"
	ProjectSection(ProjectDependencies) = postProject
		{334F362D-C504-4B7C-AD9E-9D73A6858320} = {334F362D-C504-4B7C-AD9E-9D73A6858320}
	EndProjectSection
EndProject
Project("{FAE04EC0-301F-11D3-BF4B-00C04F79EFBC}") = "Parse", "Parse\Parse.csproj", "{334F362D-C504-4B7C-AD9E-9D73A6858320}"
EndProject
Global
	GlobalSection(SolutionConfigurationPlatforms) = preSolution
		Debug|Any CPU = Debug|Any CPU
		Release|Any CPU = Release|Any CPU
	EndGlobalSection
	GlobalSection(ProjectConfigurationPlatforms) = postSolution
		{27705893-1D05-4BAD-B392-A9E907E69AA8}.Debug|Any CPU.ActiveCfg = Debug|Any CPU
		{27705893-1D05-4BAD-B392-A9E907E69AA8}.Debug|Any CPU.Build.0 = Debug|Any CPU
		{27705893-1D05-4BAD-B392-A9E907E69AA8}.Release|Any CPU.ActiveCfg = Release|Any CPU
		{27705893-1D05-4BAD-B392-A9E907E69AA8}.Release|Any CPU.Build.0 = Release|Any CPU
		{334F362D-C504-4B7C-AD9E-9D73A6858320}.Debug|Any CPU.ActiveCfg = Debug|Any CPU
		{334F362D-C504-4B7C-AD9E-9D73A6858320}.Debug|Any CPU.Build.0 = Debug|Any CPU
		{334F362D-C504-4B7C-AD9E-9D73A6858320}.Release|Any CPU.ActiveCfg = Release|Any CPU
		{334F362D-C504-4B7C-AD9E-9D73A6858320}.Release|Any CPU.Build.0 = Release|Any CPU
	EndGlobalSection
	GlobalSection(SolutionProperties) = preSolution
		HideSolutionNode = FALSE
	EndGlobalSection
EndGlobal
